
Microsoft Visual Studio Solution File, Format Version 12.00
# Visual Studio Version 17
VisualStudioVersion = 17.13.35825.156
MinimumVisualStudioVersion = 10.0.40219.1
Project("{FAE04EC0-301F-11D3-BF4B-00C04F79EFBC}") = "GroceryListConsoleApp1", "GroceryListConsoleApp1\GroceryListConsoleApp1.csproj", "{88759134-1D30-4133-B1EF-CCB07866FFCA}"
EndProject
Project("{FAE04EC0-301F-11D3-BF4B-00C04F79EFBC}") = "GroceryList.BusinessDataLogic", "GroceryListConsoleApp1\GroceryList.BusinessDataLogic\GroceryList.BusinessDataLogic.csproj", "{9353CEA1-E6FB-40CC-80EE-DC210579280F}"
EndProject
Project("{FAE04EC0-301F-11D3-BF4B-00C04F79EFBC}") = "GroceryListDataService", "GroceryListDataService\GroceryListDataService.csproj", "{9804AD03-D8A9-4602-8848-E6515E0B75C0}"
EndProject
Global
	GlobalSection(SolutionConfigurationPlatforms) = preSolution
		Debug|Any CPU = Debug|Any CPU
		Release|Any CPU = Release|Any CPU
	EndGlobalSection
	GlobalSection(ProjectConfigurationPlatforms) = postSolution
		{88759134-1D30-4133-B1EF-CCB07866FFCA}.Debug|Any CPU.ActiveCfg = Debug|Any CPU
		{88759134-1D30-4133-B1EF-CCB07866FFCA}.Debug|Any CPU.Build.0 = Debug|Any CPU
		{88759134-1D30-4133-B1EF-CCB07866FFCA}.Release|Any CPU.ActiveCfg = Release|Any CPU
		{88759134-1D30-4133-B1EF-CCB07866FFCA}.Release|Any CPU.Build.0 = Release|Any CPU
		{9353CEA1-E6FB-40CC-80EE-DC210579280F}.Debug|Any CPU.ActiveCfg = Debug|Any CPU
		{9353CEA1-E6FB-40CC-80EE-DC210579280F}.Debug|Any CPU.Build.0 = Debug|Any CPU
		{9353CEA1-E6FB-40CC-80EE-DC210579280F}.Release|Any CPU.ActiveCfg = Release|Any CPU
		{9353CEA1-E6FB-40CC-80EE-DC210579280F}.Release|Any CPU.Build.0 = Release|Any CPU
		{9804AD03-D8A9-4602-8848-E6515E0B75C0}.Debug|Any CPU.ActiveCfg = Debug|Any CPU
		{9804AD03-D8A9-4602-8848-E6515E0B75C0}.Debug|Any CPU.Build.0 = Debug|Any CPU
		{9804AD03-D8A9-4602-8848-E6515E0B75C0}.Release|Any CPU.ActiveCfg = Release|Any CPU
		{9804AD03-D8A9-4602-8848-E6515E0B75C0}.Release|Any CPU.Build.0 = Release|Any CPU
	EndGlobalSection
	GlobalSection(SolutionProperties) = preSolution
		HideSolutionNode = FALSE
	EndGlobalSection
	GlobalSection(ExtensibilityGlobals) = postSolution
		SolutionGuid = {DC910931-54A2-42D5-982B-74A652370C0F}
	EndGlobalSection
EndGlobal
